// !$*UTF8*$!
{
	archiveVersion = 1;
	classes = {
	};
	objectVersion = 46;
	objects = {

/* Begin PBXBuildFile section */
		7A118F191BB5CD1D00223B4D /* Launch Screen.storyboard in Resources */ = {isa = PBXBuildFile; fileRef = 7A118F181BB5CD1D00223B4D /* Launch Screen.storyboard */; settings = {ASSET_TAGS = (); }; };
		7A1C5FE418BEF31D0044CFCE /* Foundation.framework in Frameworks */ = {isa = PBXBuildFile; fileRef = 7A1C5FE318BEF31D0044CFCE /* Foundation.framework */; };
		7A1C5FE618BEF31D0044CFCE /* CoreGraphics.framework in Frameworks */ = {isa = PBXBuildFile; fileRef = 7A1C5FE518BEF31D0044CFCE /* CoreGraphics.framework */; };
		7A1C5FE818BEF31D0044CFCE /* UIKit.framework in Frameworks */ = {isa = PBXBuildFile; fileRef = 7A1C5FE718BEF31D0044CFCE /* UIKit.framework */; };
		7A1C5FEE18BEF31D0044CFCE /* InfoPlist.strings in Resources */ = {isa = PBXBuildFile; fileRef = 7A1C5FEC18BEF31D0044CFCE /* InfoPlist.strings */; };
		7A1C5FF018BEF31D0044CFCE /* main.m in Sources */ = {isa = PBXBuildFile; fileRef = 7A1C5FEF18BEF31D0044CFCE /* main.m */; };
		7A1C5FF418BEF31D0044CFCE /* AppDelegate.m in Sources */ = {isa = PBXBuildFile; fileRef = 7A1C5FF318BEF31D0044CFCE /* AppDelegate.m */; };
		7A1C5FFA18BEF31D0044CFCE /* ViewController.m in Sources */ = {isa = PBXBuildFile; fileRef = 7A1C5FF918BEF31D0044CFCE /* ViewController.m */; };
		7A1C5FFC18BEF31D0044CFCE /* Images.xcassets in Resources */ = {isa = PBXBuildFile; fileRef = 7A1C5FFB18BEF31D0044CFCE /* Images.xcassets */; };
		7A1C600318BEF31D0044CFCE /* XCTest.framework in Frameworks */ = {isa = PBXBuildFile; fileRef = 7A1C600218BEF31D0044CFCE /* XCTest.framework */; };
		7A1C600418BEF31D0044CFCE /* Foundation.framework in Frameworks */ = {isa = PBXBuildFile; fileRef = 7A1C5FE318BEF31D0044CFCE /* Foundation.framework */; };
		7A1C600518BEF31D0044CFCE /* UIKit.framework in Frameworks */ = {isa = PBXBuildFile; fileRef = 7A1C5FE718BEF31D0044CFCE /* UIKit.framework */; };
		7A1C600D18BEF31D0044CFCE /* InfoPlist.strings in Resources */ = {isa = PBXBuildFile; fileRef = 7A1C600B18BEF31D0044CFCE /* InfoPlist.strings */; };
		7A1C600F18BEF31D0044CFCE /* CalculatorTests.m in Sources */ = {isa = PBXBuildFile; fileRef = 7A1C600E18BEF31D0044CFCE /* CalculatorTests.m */; };
		7A1C601B18BEF8130044CFCE /* Main.storyboard in Resources */ = {isa = PBXBuildFile; fileRef = 7A1C601A18BEF8130044CFCE /* Main.storyboard */; };
/* End PBXBuildFile section */

/* Begin PBXContainerItemProxy section */
		7A1C600618BEF31D0044CFCE /* PBXContainerItemProxy */ = {
			isa = PBXContainerItemProxy;
			containerPortal = 7A1C5FD818BEF31D0044CFCE /* Project object */;
			proxyType = 1;
			remoteGlobalIDString = 7A1C5FDF18BEF31D0044CFCE;
			remoteInfo = Calculator;
		};
/* End PBXContainerItemProxy section */

/* Begin PBXFileReference section */
		7A118F181BB5CD1D00223B4D /* Launch Screen.storyboard */ = {isa = PBXFileReference; fileEncoding = 4; lastKnownFileType = file.storyboard; path = "Launch Screen.storyboard"; sourceTree = "<group>"; };
		7A1C5FE018BEF31D0044CFCE /* Calculator.app */ = {isa = PBXFileReference; explicitFileType = wrapper.application; includeInIndex = 0; path = Calculator.app; sourceTree = BUILT_PRODUCTS_DIR; };
		7A1C5FE318BEF31D0044CFCE /* Foundation.framework */ = {isa = PBXFileReference; lastKnownFileType = wrapper.framework; name = Foundation.framework; path = System/Library/Frameworks/Foundation.framework; sourceTree = SDKROOT; };
		7A1C5FE518BEF31D0044CFCE /* CoreGraphics.framework */ = {isa = PBXFileReference; lastKnownFileType = wrapper.framework; name = CoreGraphics.framework; path = System/Library/Frameworks/CoreGraphics.framework; sourceTree = SDKROOT; };
		7A1C5FE718BEF31D0044CFCE /* UIKit.framework */ = {isa = PBXFileReference; lastKnownFileType = wrapper.framework; name = UIKit.framework; path = System/Library/Frameworks/UIKit.framework; sourceTree = SDKROOT; };
		7A1C5FEB18BEF31D0044CFCE /* Calculator-Info.plist */ = {isa = PBXFileReference; lastKnownFileType = text.plist.xml; path = "Calculator-Info.plist"; sourceTree = "<group>"; };
		7A1C5FED18BEF31D0044CFCE /* en */ = {isa = PBXFileReference; lastKnownFileType = text.plist.strings; name = en; path = en.lproj/InfoPlist.strings; sourceTree = "<group>"; };
		7A1C5FEF18BEF31D0044CFCE /* main.m */ = {isa = PBXFileReference; lastKnownFileType = sourcecode.c.objc; path = main.m; sourceTree = "<group>"; };
		7A1C5FF118BEF31D0044CFCE /* Calculator-Prefix.pch */ = {isa = PBXFileReference; lastKnownFileType = sourcecode.c.h; path = "Calculator-Prefix.pch"; sourceTree = "<group>"; };
		7A1C5FF218BEF31D0044CFCE /* AppDelegate.h */ = {isa = PBXFileReference; lastKnownFileType = sourcecode.c.h; path = AppDelegate.h; sourceTree = "<group>"; };
		7A1C5FF318BEF31D0044CFCE /* AppDelegate.m */ = {isa = PBXFileReference; lastKnownFileType = sourcecode.c.objc; path = AppDelegate.m; sourceTree = "<group>"; };
		7A1C5FF818BEF31D0044CFCE /* ViewController.h */ = {isa = PBXFileReference; lastKnownFileType = sourcecode.c.h; path = ViewController.h; sourceTree = "<group>"; };
		7A1C5FF918BEF31D0044CFCE /* ViewController.m */ = {isa = PBXFileReference; lastKnownFileType = sourcecode.c.objc; path = ViewController.m; sourceTree = "<group>"; };
		7A1C5FFB18BEF31D0044CFCE /* Images.xcassets */ = {isa = PBXFileReference; lastKnownFileType = folder.assetcatalog; path = Images.xcassets; sourceTree = "<group>"; };
		7A1C600118BEF31D0044CFCE /* CalculatorTests.xctest */ = {isa = PBXFileReference; explicitFileType = wrapper.cfbundle; includeInIndex = 0; path = CalculatorTests.xctest; sourceTree = BUILT_PRODUCTS_DIR; };
		7A1C600218BEF31D0044CFCE /* XCTest.framework */ = {isa = PBXFileReference; lastKnownFileType = wrapper.framework; name = XCTest.framework; path = Library/Frameworks/XCTest.framework; sourceTree = DEVELOPER_DIR; };
		7A1C600A18BEF31D0044CFCE /* CalculatorTests-Info.plist */ = {isa = PBXFileReference; lastKnownFileType = text.plist.xml; path = "CalculatorTests-Info.plist"; sourceTree = "<group>"; };
		7A1C600C18BEF31D0044CFCE /* en */ = {isa = PBXFileReference; lastKnownFileType = text.plist.strings; name = en; path = en.lproj/InfoPlist.strings; sourceTree = "<group>"; };
		7A1C600E18BEF31D0044CFCE /* CalculatorTests.m */ = {isa = PBXFileReference; lastKnownFileType = sourcecode.c.objc; path = CalculatorTests.m; sourceTree = "<group>"; };
		7A1C601A18BEF8130044CFCE /* Main.storyboard */ = {isa = PBXFileReference; fileEncoding = 4; lastKnownFileType = file.storyboard; path = Main.storyboard; sourceTree = "<group>"; };
/* End PBXFileReference section */

/* Begin PBXFrameworksBuildPhase section */
		7A1C5FDD18BEF31D0044CFCE /* Frameworks */ = {
			isa = PBXFrameworksBuildPhase;
			buildActionMask = 2147483647;
			files = (
				7A1C5FE618BEF31D0044CFCE /* CoreGraphics.framework in Frameworks */,
				7A1C5FE818BEF31D0044CFCE /* UIKit.framework in Frameworks */,
				7A1C5FE418BEF31D0044CFCE /* Foundation.framework in Frameworks */,
			);
			runOnlyForDeploymentPostprocessing = 0;
		};
		7A1C5FFE18BEF31D0044CFCE /* Frameworks */ = {
			isa = PBXFrameworksBuildPhase;
			buildActionMask = 2147483647;
			files = (
				7A1C600318BEF31D0044CFCE /* XCTest.framework in Frameworks */,
				7A1C600518BEF31D0044CFCE /* UIKit.framework in Frameworks */,
				7A1C600418BEF31D0044CFCE /* Foundation.framework in Frameworks */,
			);
			runOnlyForDeploymentPostprocessing = 0;
		};
/* End PBXFrameworksBuildPhase section */

/* Begin PBXGroup section */
		7A1C5FD718BEF31D0044CFCE = {
			isa = PBXGroup;
			children = (
				7A1C5FE918BEF31D0044CFCE /* Calculator */,
				7A1C600818BEF31D0044CFCE /* CalculatorTests */,
				7A1C5FE218BEF31D0044CFCE /* Frameworks */,
				7A1C5FE118BEF31D0044CFCE /* Products */,
			);
			sourceTree = "<group>";
		};
		7A1C5FE118BEF31D0044CFCE /* Products */ = {
			isa = PBXGroup;
			children = (
				7A1C5FE018BEF31D0044CFCE /* Calculator.app */,
				7A1C600118BEF31D0044CFCE /* CalculatorTests.xctest */,
			);
			name = Products;
			sourceTree = "<group>";
		};
		7A1C5FE218BEF31D0044CFCE /* Frameworks */ = {
			isa = PBXGroup;
			children = (
				7A1C5FE318BEF31D0044CFCE /* Foundation.framework */,
				7A1C5FE518BEF31D0044CFCE /* CoreGraphics.framework */,
				7A1C5FE718BEF31D0044CFCE /* UIKit.framework */,
				7A1C600218BEF31D0044CFCE /* XCTest.framework */,
			);
			name = Frameworks;
			sourceTree = "<group>";
		};
		7A1C5FE918BEF31D0044CFCE /* Calculator */ = {
			isa = PBXGroup;
			children = (
				7A1C5FF218BEF31D0044CFCE /* AppDelegate.h */,
				7A1C5FF318BEF31D0044CFCE /* AppDelegate.m */,
				7A1C5FF818BEF31D0044CFCE /* ViewController.h */,
				7A1C5FF918BEF31D0044CFCE /* ViewController.m */,
				7A1C601A18BEF8130044CFCE /* Main.storyboard */,
				7A1C5FFB18BEF31D0044CFCE /* Images.xcassets */,
				7A1C5FEA18BEF31D0044CFCE /* Supporting Files */,
				7A118F181BB5CD1D00223B4D /* Launch Screen.storyboard */,
			);
			path = Calculator;
			sourceTree = "<group>";
		};
		7A1C5FEA18BEF31D0044CFCE /* Supporting Files */ = {
			isa = PBXGroup;
			children = (
				7A1C5FEB18BEF31D0044CFCE /* Calculator-Info.plist */,
				7A1C5FEC18BEF31D0044CFCE /* InfoPlist.strings */,
				7A1C5FEF18BEF31D0044CFCE /* main.m */,
				7A1C5FF118BEF31D0044CFCE /* Calculator-Prefix.pch */,
			);
			name = "Supporting Files";
			sourceTree = "<group>";
		};
		7A1C600818BEF31D0044CFCE /* CalculatorTests */ = {
			isa = PBXGroup;
			children = (
				7A1C600E18BEF31D0044CFCE /* CalculatorTests.m */,
				7A1C600918BEF31D0044CFCE /* Supporting Files */,
			);
			path = CalculatorTests;
			sourceTree = "<group>";
		};
		7A1C600918BEF31D0044CFCE /* Supporting Files */ = {
			isa = PBXGroup;
			children = (
				7A1C600A18BEF31D0044CFCE /* CalculatorTests-Info.plist */,
				7A1C600B18BEF31D0044CFCE /* InfoPlist.strings */,
			);
			name = "Supporting Files";
			sourceTree = "<group>";
		};
/* End PBXGroup section */

/* Begin PBXNativeTarget section */
		7A1C5FDF18BEF31D0044CFCE /* Calculator */ = {
			isa = PBXNativeTarget;
			buildConfigurationList = 7A1C601218BEF31D0044CFCE /* Build configuration list for PBXNativeTarget "Calculator" */;
			buildPhases = (
				7A1C5FDC18BEF31D0044CFCE /* Sources */,
				7A1C5FDD18BEF31D0044CFCE /* Frameworks */,
				7A1C5FDE18BEF31D0044CFCE /* Resources */,
			);
			buildRules = (
			);
			dependencies = (
			);
			name = Calculator;
			productName = Calculator;
			productReference = 7A1C5FE018BEF31D0044CFCE /* Calculator.app */;
			productType = "com.apple.product-type.application";
		};
		7A1C600018BEF31D0044CFCE /* CalculatorTests */ = {
			isa = PBXNativeTarget;
			buildConfigurationList = 7A1C601518BEF31D0044CFCE /* Build configuration list for PBXNativeTarget "CalculatorTests" */;
			buildPhases = (
				7A1C5FFD18BEF31D0044CFCE /* Sources */,
				7A1C5FFE18BEF31D0044CFCE /* Frameworks */,
				7A1C5FFF18BEF31D0044CFCE /* Resources */,
			);
			buildRules = (
			);
			dependencies = (
				7A1C600718BEF31D0044CFCE /* PBXTargetDependency */,
			);
			name = CalculatorTests;
			productName = CalculatorTests;
			productReference = 7A1C600118BEF31D0044CFCE /* CalculatorTests.xctest */;
			productType = "com.apple.product-type.bundle.unit-test";
		};
/* End PBXNativeTarget section */

/* Begin PBXProject section */
		7A1C5FD818BEF31D0044CFCE /* Project object */ = {
			isa = PBXProject;
			attributes = {
				LastUpgradeCheck = 0700;
				ORGANIZATIONNAME = "American Well";
				TargetAttributes = {
					7A1C600018BEF31D0044CFCE = {
						TestTargetID = 7A1C5FDF18BEF31D0044CFCE;
					};
				};
			};
			buildConfigurationList = 7A1C5FDB18BEF31D0044CFCE /* Build configuration list for PBXProject "Calculator" */;
			compatibilityVersion = "Xcode 3.2";
			developmentRegion = English;
			hasScannedForEncodings = 0;
			knownRegions = (
				en,
				Base,
			);
			mainGroup = 7A1C5FD718BEF31D0044CFCE;
			productRefGroup = 7A1C5FE118BEF31D0044CFCE /* Products */;
			projectDirPath = "";
			projectRoot = "";
			targets = (
				7A1C5FDF18BEF31D0044CFCE /* Calculator */,
				7A1C600018BEF31D0044CFCE /* CalculatorTests */,
			);
		};
/* End PBXProject section */

/* Begin PBXResourcesBuildPhase section */
		7A1C5FDE18BEF31D0044CFCE /* Resources */ = {
			isa = PBXResourcesBuildPhase;
			buildActionMask = 2147483647;
			files = (
				7A1C5FFC18BEF31D0044CFCE /* Images.xcassets in Resources */,
				7A1C5FEE18BEF31D0044CFCE /* InfoPlist.strings in Resources */,
				7A118F191BB5CD1D00223B4D /* Launch Screen.storyboard in Resources */,
				7A1C601B18BEF8130044CFCE /* Main.storyboard in Resources */,
			);
			runOnlyForDeploymentPostprocessing = 0;
		};
		7A1C5FFF18BEF31D0044CFCE /* Resources */ = {
			isa = PBXResourcesBuildPhase;
			buildActionMask = 2147483647;
			files = (
				7A1C600D18BEF31D0044CFCE /* InfoPlist.strings in Resources */,
			);
			runOnlyForDeploymentPostprocessing = 0;
		};
/* End PBXResourcesBuildPhase section */

/* Begin PBXSourcesBuildPhase section */
		7A1C5FDC18BEF31D0044CFCE /* Sources */ = {
			isa = PBXSourcesBuildPhase;
			buildActionMask = 2147483647;
			files = (
				7A1C5FFA18BEF31D0044CFCE /* ViewController.m in Sources */,
				7A1C5FF418BEF31D0044CFCE /* AppDelegate.m in Sources */,
				7A1C5FF018BEF31D0044CFCE /* main.m in Sources */,
			);
			runOnlyForDeploymentPostprocessing = 0;
		};
		7A1C5FFD18BEF31D0044CFCE /* Sources */ = {
			isa = PBXSourcesBuildPhase;
			buildActionMask = 2147483647;
			files = (
				7A1C600F18BEF31D0044CFCE /* CalculatorTests.m in Sources */,
			);
			runOnlyForDeploymentPostprocessing = 0;
		};
/* End PBXSourcesBuildPhase section */

/* Begin PBXTargetDependency section */
		7A1C600718BEF31D0044CFCE /* PBXTargetDependency */ = {
			isa = PBXTargetDependency;
			target = 7A1C5FDF18BEF31D0044CFCE /* Calculator */;
			targetProxy = 7A1C600618BEF31D0044CFCE /* PBXContainerItemProxy */;
		};
/* End PBXTargetDependency section */

/* Begin PBXVariantGroup section */
		7A1C5FEC18BEF31D0044CFCE /* InfoPlist.strings */ = {
			isa = PBXVariantGroup;
			children = (
				7A1C5FED18BEF31D0044CFCE /* en */,
			);
			name = InfoPlist.strings;
			sourceTree = "<group>";
		};
		7A1C600B18BEF31D0044CFCE /* InfoPlist.strings */ = {
			isa = PBXVariantGroup;
			children = (
				7A1C600C18BEF31D0044CFCE /* en */,
			);
			name = InfoPlist.strings;
			sourceTree = "<group>";
		};
/* End PBXVariantGroup section */

/* Begin XCBuildConfiguration section */
		7A1C601018BEF31D0044CFCE /* Debug */ = {
			isa = XCBuildConfiguration;
			buildSettings = {
				ALWAYS_SEARCH_USER_PATHS = NO;
				CLANG_CXX_LANGUAGE_STANDARD = "gnu++0x";
				CLANG_CXX_LIBRARY = "libc++";
				CLANG_ENABLE_MODULES = YES;
				CLANG_ENABLE_OBJC_ARC = YES;
				CLANG_WARN_BOOL_CONVERSION = YES;
				CLANG_WARN_CONSTANT_CONVERSION = YES;
				CLANG_WARN_DIRECT_OBJC_ISA_USAGE = YES_ERROR;
				CLANG_WARN_EMPTY_BODY = YES;
				CLANG_WARN_ENUM_CONVERSION = YES;
				CLANG_WARN_INT_CONVERSION = YES;
				CLANG_WARN_OBJC_ROOT_CLASS = YES_ERROR;
				CLANG_WARN__DUPLICATE_METHOD_MATCH = YES;
				"CODE_SIGN_IDENTITY[sdk=iphoneos*]" = "iPhone Developer";
				COPY_PHASE_STRIP = NO;
				ENABLE_TESTABILITY = YES;
				GCC_C_LANGUAGE_STANDARD = gnu99;
				GCC_DYNAMIC_NO_PIC = NO;
				GCC_OPTIMIZATION_LEVEL = 0;
				GCC_PREPROCESSOR_DEFINITIONS = (
					"DEBUG=1",
					"$(inherited)",
				);
				GCC_SYMBOLS_PRIVATE_EXTERN = NO;
				GCC_WARN_64_TO_32_BIT_CONVERSION = YES;
				GCC_WARN_ABOUT_RETURN_TYPE = YES_ERROR;
				GCC_WARN_UNDECLARED_SELECTOR = YES;
				GCC_WARN_UNINITIALIZED_AUTOS = YES;
				GCC_WARN_UNUSED_FUNCTION = YES;
				GCC_WARN_UNUSED_VARIABLE = YES;
				IPHONEOS_DEPLOYMENT_TARGET = 7.0;
				ONLY_ACTIVE_ARCH = YES;
				SDKROOT = iphoneos;
			};
			name = Debug;
		};
		7A1C601118BEF31D0044CFCE /* Release */ = {
			isa = XCBuildConfiguration;
			buildSettings = {
				ALWAYS_SEARCH_USER_PATHS = NO;
				CLANG_CXX_LANGUAGE_STANDARD = "gnu++0x";
				CLANG_CXX_LIBRARY = "libc++";
				CLANG_ENABLE_MODULES = YES;
				CLANG_ENABLE_OBJC_ARC = YES;
				CLANG_WARN_BOOL_CONVERSION = YES;
				CLANG_WARN_CONSTANT_CONVERSION = YES;
				CLANG_WARN_DIRECT_OBJC_ISA_USAGE = YES_ERROR;
				CLANG_WARN_EMPTY_BODY = YES;
				CLANG_WARN_ENUM_CONVERSION = YES;
				CLANG_WARN_INT_CONVERSION = YES;
				CLANG_WARN_OBJC_ROOT_CLASS = YES_ERROR;
				CLANG_WARN__DUPLICATE_METHOD_MATCH = YES;
				"CODE_SIGN_IDENTITY[sdk=iphoneos*]" = "iPhone Developer";
				COPY_PHASE_STRIP = YES;
				ENABLE_NS_ASSERTIONS = NO;
				GCC_C_LANGUAGE_STANDARD = gnu99;
				GCC_WARN_64_TO_32_BIT_CONVERSION = YES;
				GCC_WARN_ABOUT_RETURN_TYPE = YES_ERROR;
				GCC_WARN_UNDECLARED_SELECTOR = YES;
				GCC_WARN_UNINITIALIZED_AUTOS = YES;
				GCC_WARN_UNUSED_FUNCTION = YES;
				GCC_WARN_UNUSED_VARIABLE = YES;
				IPHONEOS_DEPLOYMENT_TARGET = 7.0;
				SDKROOT = iphoneos;
				VALIDATE_PRODUCT = YES;
			};
			name = Release;
		};
		7A1C601318BEF31D0044CFCE /* Debug */ = {
			isa = XCBuildConfiguration;
			buildSettings = {
				ASSETCATALOG_COMPILER_APPICON_NAME = AppIcon;
				ASSETCATALOG_COMPILER_LAUNCHIMAGE_NAME = LaunchImage;
				CLANG_ENABLE_OBJC_ARC = YES;
				GCC_PRECOMPILE_PREFIX_HEADER = YES;
				GCC_PREFIX_HEADER = "Calculator/Calculator-Prefix.pch";
				INFOPLIST_FILE = "Calculator/Calculator-Info.plist";
				PRODUCT_BUNDLE_IDENTIFIER = "com.americanwell.${PRODUCT_NAME:rfc1034identifier}";
				PRODUCT_NAME = "$(TARGET_NAME)";
				WRAPPER_EXTENSION = app;
			};
			name = Debug;
		};
		7A1C601418BEF31D0044CFCE /* Release */ = {
			isa = XCBuildConfiguration;
			buildSettings = {
				ASSETCATALOG_COMPILER_APPICON_NAME = AppIcon;
				ASSETCATALOG_COMPILER_LAUNCHIMAGE_NAME = LaunchImage;
				CLANG_ENABLE_OBJC_ARC = YES;
				GCC_PRECOMPILE_PREFIX_HEADER = YES;
				GCC_PREFIX_HEADER = "Calculator/Calculator-Prefix.pch";
				INFOPLIST_FILE = "Calculator/Calculator-Info.plist";
				PRODUCT_BUNDLE_IDENTIFIER = "com.americanwell.${PRODUCT_NAME:rfc1034identifier}";
				PRODUCT_NAME = "$(TARGET_NAME)";
				WRAPPER_EXTENSION = app;
			};
			name = Release;
		};
		7A1C601618BEF31D0044CFCE /* Debug */ = {
			isa = XCBuildConfiguration;
			buildSettings = {
				BUNDLE_LOADER = "$(BUILT_PRODUCTS_DIR)/Calculator.app/Calculator";
				FRAMEWORK_SEARCH_PATHS = (
					"$(SDKROOT)/Developer/Library/Frameworks",
					"$(inherited)",
					"$(DEVELOPER_FRAMEWORKS_DIR)",
				);
				GCC_PRECOMPILE_PREFIX_HEADER = YES;
				GCC_PREFIX_HEADER = "Calculator/Calculator-Prefix.pch";
				GCC_PREPROCESSOR_DEFINITIONS = (
					"DEBUG=1",
					"$(inherited)",
				);
				INFOPLIST_FILE = "CalculatorTests/CalculatorTests-Info.plist";
				PRODUCT_BUNDLE_IDENTIFIER = "com.americanwell.${PRODUCT_NAME:rfc1034identifier}";
				PRODUCT_NAME = "$(TARGET_NAME)";
				TEST_HOST = "$(BUNDLE_LOADER)";
				WRAPPER_EXTENSION = xctest;
			};
			name = Debug;
		};
		7A1C601718BEF31D0044CFCE /* Release */ = {
			isa = XCBuildConfiguration;
			buildSettings = {
				BUNDLE_LOADER = "$(BUILT_PRODUCTS_DIR)/Calculator.app/Calculator";
				FRAMEWORK_SEARCH_PATHS = (
					"$(SDKROOT)/Developer/Library/Frameworks",
					"$(inherited)",
					"$(DEVELOPER_FRAMEWORKS_DIR)",
				);
				GCC_PRECOMPILE_PREFIX_HEADER = YES;
				GCC_PREFIX_HEADER = "Calculator/Calculator-Prefix.pch";
				INFOPLIST_FILE = "CalculatorTests/CalculatorTests-Info.plist";
				PRODUCT_BUNDLE_IDENTIFIER = "com.americanwell.${PRODUCT_NAME:rfc1034identifier}";
				PRODUCT_NAME = "$(TARGET_NAME)";
				TEST_HOST = "$(BUNDLE_LOADER)";
				WRAPPER_EXTENSION = xctest;
			};
			name = Release;
		};
/* End XCBuildConfiguration section */

/* Begin XCConfigurationList section */
		7A1C5FDB18BEF31D0044CFCE /* Build configuration list for PBXProject "Calculator" */ = {
			isa = XCConfigurationList;
			buildConfigurations = (
				7A1C601018BEF31D0044CFCE /* Debug */,
				7A1C601118BEF31D0044CFCE /* Release */,
			);
			defaultConfigurationIsVisible = 0;
			defaultConfigurationName = Release;
		};
		7A1C601218BEF31D0044CFCE /* Build configuration list for PBXNativeTarget "Calculator" */ = {
			isa = XCConfigurationList;
			buildConfigurations = (
				7A1C601318BEF31D0044CFCE /* Debug */,
				7A1C601418BEF31D0044CFCE /* Release */,
			);
			defaultConfigurationIsVisible = 0;
			defaultConfigurationName = Release;
		};
		7A1C601518BEF31D0044CFCE /* Build configuration list for PBXNativeTarget "CalculatorTests" */ = {
			isa = XCConfigurationList;
			buildConfigurations = (
				7A1C601618BEF31D0044CFCE /* Debug */,
				7A1C601718BEF31D0044CFCE /* Release */,
			);
			defaultConfigurationIsVisible = 0;
			defaultConfigurationName = Release;
		};
/* End XCConfigurationList section */
	};
	rootObject = 7A1C5FD818BEF31D0044CFCE /* Project object */;
}
